// !$*UTF8*$!
{
	archiveVersion = 1;
	classes = {
	};
	objectVersion = 50;
	objects = {

/* Begin PBXBuildFile section */
		239F754022E0069200963929 /* AppDelegate.swift in Sources */ = {isa = PBXBuildFile; fileRef = 239F753F22E0069200963929 /* AppDelegate.swift */; };
		239F754222E0069200963929 /* ViewController.swift in Sources */ = {isa = PBXBuildFile; fileRef = 239F754122E0069200963929 /* ViewController.swift */; };
		239F754722E0069400963929 /* Assets.xcassets in Resources */ = {isa = PBXBuildFile; fileRef = 239F754622E0069400963929 /* Assets.xcassets */; };
		239F754A22E0069400963929 /* LaunchScreen.storyboard in Resources */ = {isa = PBXBuildFile; fileRef = 239F754822E0069400963929 /* LaunchScreen.storyboard */; };
		239F755322E0117500963929 /* LoginController.swift in Sources */ = {isa = PBXBuildFile; fileRef = 239F755222E0117500963929 /* LoginController.swift */; };
		23BBE10C22F22CB200B3151B /* GoogleService-Info.plist in Resources */ = {isa = PBXBuildFile; fileRef = 23BBE10B22F22CB200B3151B /* GoogleService-Info.plist */; };
		C6C077C446F12A359D244B3D /* Pods_GameOfThronesChatApp.framework in Frameworks */ = {isa = PBXBuildFile; fileRef = DAFCCD187C71C611A6F742DC /* Pods_GameOfThronesChatApp.framework */; };
/* End PBXBuildFile section */

/* Begin PBXFileReference section */
		0586FCC7AF151B551B916443 /* Pods-GameOfThronesChatApp.release.xcconfig */ = {isa = PBXFileReference; includeInIndex = 1; lastKnownFileType = text.xcconfig; name = "Pods-GameOfThronesChatApp.release.xcconfig"; path = "Target Support Files/Pods-GameOfThronesChatApp/Pods-GameOfThronesChatApp.release.xcconfig"; sourceTree = "<group>"; };
		239F753C22E0069200963929 /* GameOfThronesChatApp.app */ = {isa = PBXFileReference; explicitFileType = wrapper.application; includeInIndex = 0; path = GameOfThronesChatApp.app; sourceTree = BUILT_PRODUCTS_DIR; };
		239F753F22E0069200963929 /* AppDelegate.swift */ = {isa = PBXFileReference; lastKnownFileType = sourcecode.swift; path = AppDelegate.swift; sourceTree = "<group>"; };
		239F754122E0069200963929 /* ViewController.swift */ = {isa = PBXFileReference; lastKnownFileType = sourcecode.swift; path = ViewController.swift; sourceTree = "<group>"; };
		239F754622E0069400963929 /* Assets.xcassets */ = {isa = PBXFileReference; lastKnownFileType = folder.assetcatalog; path = Assets.xcassets; sourceTree = "<group>"; };
		239F754922E0069400963929 /* Base */ = {isa = PBXFileReference; lastKnownFileType = file.storyboard; name = Base; path = Base.lproj/LaunchScreen.storyboard; sourceTree = "<group>"; };
		239F754B22E0069400963929 /* Info.plist */ = {isa = PBXFileReference; lastKnownFileType = text.plist.xml; path = Info.plist; sourceTree = "<group>"; };
		239F755222E0117500963929 /* LoginController.swift */ = {isa = PBXFileReference; lastKnownFileType = sourcecode.swift; path = LoginController.swift; sourceTree = "<group>"; };
		23BBE10B22F22CB200B3151B /* GoogleService-Info.plist */ = {isa = PBXFileReference; fileEncoding = 4; lastKnownFileType = text.plist.xml; path = "GoogleService-Info.plist"; sourceTree = "<group>"; };
		DAFCCD187C71C611A6F742DC /* Pods_GameOfThronesChatApp.framework */ = {isa = PBXFileReference; explicitFileType = wrapper.framework; includeInIndex = 0; path = Pods_GameOfThronesChatApp.framework; sourceTree = BUILT_PRODUCTS_DIR; };
		E36F49C14578E36C1EE3B168 /* Pods-GameOfThronesChatApp.debug.xcconfig */ = {isa = PBXFileReference; includeInIndex = 1; lastKnownFileType = text.xcconfig; name = "Pods-GameOfThronesChatApp.debug.xcconfig"; path = "Target Support Files/Pods-GameOfThronesChatApp/Pods-GameOfThronesChatApp.debug.xcconfig"; sourceTree = "<group>"; };
/* End PBXFileReference section */

/* Begin PBXFrameworksBuildPhase section */
		239F753922E0069200963929 /* Frameworks */ = {
			isa = PBXFrameworksBuildPhase;
			buildActionMask = 2147483647;
			files = (
				C6C077C446F12A359D244B3D /* Pods_GameOfThronesChatApp.framework in Frameworks */,
			);
			runOnlyForDeploymentPostprocessing = 0;
		};
/* End PBXFrameworksBuildPhase section */

/* Begin PBXGroup section */
		239F753322E0069200963929 = {
			isa = PBXGroup;
			children = (
				239F753E22E0069200963929 /* GameOfThronesChatApp */,
				239F753D22E0069200963929 /* Products */,
				2CCB72BC531FF84ADE280FCC /* Pods */,
				5EB0AD627084D7ED7B9194DD /* Frameworks */,
			);
			sourceTree = "<group>";
		};
		239F753D22E0069200963929 /* Products */ = {
			isa = PBXGroup;
			children = (
				239F753C22E0069200963929 /* GameOfThronesChatApp.app */,
			);
			name = Products;
			sourceTree = "<group>";
		};
		239F753E22E0069200963929 /* GameOfThronesChatApp */ = {
			isa = PBXGroup;
			children = (
				239F755122E0115500963929 /* Controller */,
				239F753F22E0069200963929 /* AppDelegate.swift */,
				239F754622E0069400963929 /* Assets.xcassets */,
				239F754822E0069400963929 /* LaunchScreen.storyboard */,
				23BBE10B22F22CB200B3151B /* GoogleService-Info.plist */,
				239F754B22E0069400963929 /* Info.plist */,
			);
			path = GameOfThronesChatApp;
			sourceTree = "<group>";
		};
		239F755122E0115500963929 /* Controller */ = {
			isa = PBXGroup;
			children = (
				239F755222E0117500963929 /* LoginController.swift */,
				239F754122E0069200963929 /* ViewController.swift */,
			);
			path = Controller;
			sourceTree = "<group>";
		};
		2CCB72BC531FF84ADE280FCC /* Pods */ = {
			isa = PBXGroup;
			children = (
				E36F49C14578E36C1EE3B168 /* Pods-GameOfThronesChatApp.debug.xcconfig */,
				0586FCC7AF151B551B916443 /* Pods-GameOfThronesChatApp.release.xcconfig */,
			);
			name = Pods;
			path = Pods;
			sourceTree = "<group>";
		};
		5EB0AD627084D7ED7B9194DD /* Frameworks */ = {
			isa = PBXGroup;
			children = (
				DAFCCD187C71C611A6F742DC /* Pods_GameOfThronesChatApp.framework */,
			);
			name = Frameworks;
			sourceTree = "<group>";
		};
/* End PBXGroup section */

/* Begin PBXNativeTarget section */
		239F753B22E0069200963929 /* GameOfThronesChatApp */ = {
			isa = PBXNativeTarget;
			buildConfigurationList = 239F754E22E0069400963929 /* Build configuration list for PBXNativeTarget "GameOfThronesChatApp" */;
			buildPhases = (
				77073D07269B4D6372F78B27 /* [CP] Check Pods Manifest.lock */,
				239F753822E0069200963929 /* Sources */,
				239F753922E0069200963929 /* Frameworks */,
				239F753A22E0069200963929 /* Resources */,
				F3488463CDF7FFF15D53F947 /* [CP] Embed Pods Frameworks */,
			);
			buildRules = (
			);
			dependencies = (
			);
			name = GameOfThronesChatApp;
			productName = GameOfThronesChatApp;
			productReference = 239F753C22E0069200963929 /* GameOfThronesChatApp.app */;
			productType = "com.apple.product-type.application";
		};
/* End PBXNativeTarget section */

/* Begin PBXProject section */
		239F753422E0069200963929 /* Project object */ = {
			isa = PBXProject;
			attributes = {
				LastSwiftUpdateCheck = 1010;
				LastUpgradeCheck = 1010;
				ORGANIZATIONNAME = "Eric Blancas";
				TargetAttributes = {
					239F753B22E0069200963929 = {
						CreatedOnToolsVersion = 10.1;
					};
				};
			};
			buildConfigurationList = 239F753722E0069200963929 /* Build configuration list for PBXProject "GameOfThronesChatApp" */;
			compatibilityVersion = "Xcode 9.3";
			developmentRegion = en;
			hasScannedForEncodings = 0;
			knownRegions = (
				en,
				Base,
			);
			mainGroup = 239F753322E0069200963929;
			productRefGroup = 239F753D22E0069200963929 /* Products */;
			projectDirPath = "";
			projectRoot = "";
			targets = (
				239F753B22E0069200963929 /* GameOfThronesChatApp */,
			);
		};
/* End PBXProject section */

/* Begin PBXResourcesBuildPhase section */
		239F753A22E0069200963929 /* Resources */ = {
			isa = PBXResourcesBuildPhase;
			buildActionMask = 2147483647;
			files = (
				239F754A22E0069400963929 /* LaunchScreen.storyboard in Resources */,
				239F754722E0069400963929 /* Assets.xcassets in Resources */,
				23BBE10C22F22CB200B3151B /* GoogleService-Info.plist in Resources */,
			);
			runOnlyForDeploymentPostprocessing = 0;
		};
/* End PBXResourcesBuildPhase section */

/* Begin PBXShellScriptBuildPhase section */
		77073D07269B4D6372F78B27 /* [CP] Check Pods Manifest.lock */ = {
			isa = PBXShellScriptBuildPhase;
			buildActionMask = 2147483647;
			files = (
			);
			inputFileListPaths = (
			);
			inputPaths = (
				"${PODS_PODFILE_DIR_PATH}/Podfile.lock",
				"${PODS_ROOT}/Manifest.lock",
			);
			name = "[CP] Check Pods Manifest.lock";
			outputFileListPaths = (
			);
			outputPaths = (
				"$(DERIVED_FILE_DIR)/Pods-GameOfThronesChatApp-checkManifestLockResult.txt",
			);
			runOnlyForDeploymentPostprocessing = 0;
			shellPath = /bin/sh;
			shellScript = "diff \"${PODS_PODFILE_DIR_PATH}/Podfile.lock\" \"${PODS_ROOT}/Manifest.lock\" > /dev/null\nif [ $? != 0 ] ; then\n    # print error to STDERR\n    echo \"error: The sandbox is not in sync with the Podfile.lock. Run 'pod install' or update your CocoaPods installation.\" >&2\n    exit 1\nfi\n# This output is used by Xcode 'outputs' to avoid re-running this script phase.\necho \"SUCCESS\" > \"${SCRIPT_OUTPUT_FILE_0}\"\n";
			showEnvVarsInLog = 0;
		};
		F3488463CDF7FFF15D53F947 /* [CP] Embed Pods Frameworks */ = {
			isa = PBXShellScriptBuildPhase;
			buildActionMask = 2147483647;
			files = (
			);
			inputFileListPaths = (
				"${PODS_ROOT}/Target Support Files/Pods-GameOfThronesChatApp/Pods-GameOfThronesChatApp-frameworks-${CONFIGURATION}-input-files.xcfilelist",
			);
			name = "[CP] Embed Pods Frameworks";
			outputFileListPaths = (
				"${PODS_ROOT}/Target Support Files/Pods-GameOfThronesChatApp/Pods-GameOfThronesChatApp-frameworks-${CONFIGURATION}-output-files.xcfilelist",
			);
			runOnlyForDeploymentPostprocessing = 0;
			shellPath = /bin/sh;
			shellScript = "\"${PODS_ROOT}/Target Support Files/Pods-GameOfThronesChatApp/Pods-GameOfThronesChatApp-frameworks.sh\"\n";
			showEnvVarsInLog = 0;
		};
/* End PBXShellScriptBuildPhase section */

/* Begin PBXSourcesBuildPhase section */
		239F753822E0069200963929 /* Sources */ = {
			isa = PBXSourcesBuildPhase;
			buildActionMask = 2147483647;
			files = (
				239F755322E0117500963929 /* LoginController.swift in Sources */,
				239F754222E0069200963929 /* ViewController.swift in Sources */,
				239F754022E0069200963929 /* AppDelegate.swift in Sources */,
			);
			runOnlyForDeploymentPostprocessing = 0;
		};
/* End PBXSourcesBuildPhase section */

/* Begin PBXVariantGroup section */
		239F754822E0069400963929 /* LaunchScreen.storyboard */ = {
			isa = PBXVariantGroup;
			children = (
				239F754922E0069400963929 /* Base */,
			);
			name = LaunchScreen.storyboard;
			sourceTree = "<group>";
		};
/* End PBXVariantGroup section */

/* Begin XCBuildConfiguration section */
		239F754C22E0069400963929 /* Debug */ = {
			isa = XCBuildConfiguration;
			buildSettings = {
				ALWAYS_SEARCH_USER_PATHS = NO;
				CLANG_ANALYZER_NONNULL = YES;
				CLANG_ANALYZER_NUMBER_OBJECT_CONVERSION = YES_AGGRESSIVE;
				CLANG_CXX_LANGUAGE_STANDARD = "gnu++14";
				CLANG_CXX_LIBRARY = "libc++";
				CLANG_ENABLE_MODULES = YES;
				CLANG_ENABLE_OBJC_ARC = YES;
				CLANG_ENABLE_OBJC_WEAK = YES;
				CLANG_WARN_BLOCK_CAPTURE_AUTORELEASING = YES;
				CLANG_WARN_BOOL_CONVERSION = YES;
				CLANG_WARN_COMMA = YES;
				CLANG_WARN_CONSTANT_CONVERSION = YES;
				CLANG_WARN_DEPRECATED_OBJC_IMPLEMENTATIONS = YES;
				CLANG_WARN_DIRECT_OBJC_ISA_USAGE = YES_ERROR;
				CLANG_WARN_DOCUMENTATION_COMMENTS = YES;
				CLANG_WARN_EMPTY_BODY = YES;
				CLANG_WARN_ENUM_CONVERSION = YES;
				CLANG_WARN_INFINITE_RECURSION = YES;
				CLANG_WARN_INT_CONVERSION = YES;
				CLANG_WARN_NON_LITERAL_NULL_CONVERSION = YES;
				CLANG_WARN_OBJC_IMPLICIT_RETAIN_SELF = YES;
				CLANG_WARN_OBJC_LITERAL_CONVERSION = YES;
				CLANG_WARN_OBJC_ROOT_CLASS = YES_ERROR;
				CLANG_WARN_RANGE_LOOP_ANALYSIS = YES;
				CLANG_WARN_STRICT_PROTOTYPES = YES;
				CLANG_WARN_SUSPICIOUS_MOVE = YES;
				CLANG_WARN_UNGUARDED_AVAILABILITY = YES_AGGRESSIVE;
				CLANG_WARN_UNREACHABLE_CODE = YES;
				CLANG_WARN__DUPLICATE_METHOD_MATCH = YES;
				CODE_SIGN_IDENTITY = "iPhone Developer";
				COPY_PHASE_STRIP = NO;
				DEBUG_INFORMATION_FORMAT = dwarf;
				ENABLE_STRICT_OBJC_MSGSEND = YES;
				ENABLE_TESTABILITY = YES;
				GCC_C_LANGUAGE_STANDARD = gnu11;
				GCC_DYNAMIC_NO_PIC = NO;
				GCC_NO_COMMON_BLOCKS = YES;
				GCC_OPTIMIZATION_LEVEL = 0;
				GCC_PREPROCESSOR_DEFINITIONS = (
					"DEBUG=1",
					"$(inherited)",
				);
				GCC_WARN_64_TO_32_BIT_CONVERSION = YES;
				GCC_WARN_ABOUT_RETURN_TYPE = YES_ERROR;
				GCC_WARN_UNDECLARED_SELECTOR = YES;
				GCC_WARN_UNINITIALIZED_AUTOS = YES_AGGRESSIVE;
				GCC_WARN_UNUSED_FUNCTION = YES;
				GCC_WARN_UNUSED_VARIABLE = YES;
				IPHONEOS_DEPLOYMENT_TARGET = 12.1;
				MTL_ENABLE_DEBUG_INFO = INCLUDE_SOURCE;
				MTL_FAST_MATH = YES;
				ONLY_ACTIVE_ARCH = YES;
				SDKROOT = iphoneos;
				SWIFT_ACTIVE_COMPILATION_CONDITIONS = DEBUG;
				SWIFT_OPTIMIZATION_LEVEL = "-Onone";
			};
			name = Debug;
		};
		239F754D22E0069400963929 /* Release */ = {
			isa = XCBuildConfiguration;
			buildSettings = {
				ALWAYS_SEARCH_USER_PATHS = NO;
				CLANG_ANALYZER_NONNULL = YES;
				CLANG_ANALYZER_NUMBER_OBJECT_CONVERSION = YES_AGGRESSIVE;
				CLANG_CXX_LANGUAGE_STANDARD = "gnu++14";
				CLANG_CXX_LIBRARY = "libc++";
				CLANG_ENABLE_MODULES = YES;
				CLANG_ENABLE_OBJC_ARC = YES;
				CLANG_ENABLE_OBJC_WEAK = YES;
				CLANG_WARN_BLOCK_CAPTURE_AUTORELEASING = YES;
				CLANG_WARN_BOOL_CONVERSION = YES;
				CLANG_WARN_COMMA = YES;
				CLANG_WARN_CONSTANT_CONVERSION = YES;
				CLANG_WARN_DEPRECATED_OBJC_IMPLEMENTATIONS = YES;
				CLANG_WARN_DIRECT_OBJC_ISA_USAGE = YES_ERROR;
				CLANG_WARN_DOCUMENTATION_COMMENTS = YES;
				CLANG_WARN_EMPTY_BODY = YES;
				CLANG_WARN_ENUM_CONVERSION = YES;
				CLANG_WARN_INFINITE_RECURSION = YES;
				CLANG_WARN_INT_CONVERSION = YES;
				CLANG_WARN_NON_LITERAL_NULL_CONVERSION = YES;
				CLANG_WARN_OBJC_IMPLICIT_RETAIN_SELF = YES;
				CLANG_WARN_OBJC_LITERAL_CONVERSION = YES;
				CLANG_WARN_OBJC_ROOT_CLASS = YES_ERROR;
				CLANG_WARN_RANGE_LOOP_ANALYSIS = YES;
				CLANG_WARN_STRICT_PROTOTYPES = YES;
				CLANG_WARN_SUSPICIOUS_MOVE = YES;
				CLANG_WARN_UNGUARDED_AVAILABILITY = YES_AGGRESSIVE;
				CLANG_WARN_UNREACHABLE_CODE = YES;
				CLANG_WARN__DUPLICATE_METHOD_MATCH = YES;
				CODE_SIGN_IDENTITY = "iPhone Developer";
				COPY_PHASE_STRIP = NO;
				DEBUG_INFORMATION_FORMAT = "dwarf-with-dsym";
				ENABLE_NS_ASSERTIONS = NO;
				ENABLE_STRICT_OBJC_MSGSEND = YES;
				GCC_C_LANGUAGE_STANDARD = gnu11;
				GCC_NO_COMMON_BLOCKS = YES;
				GCC_WARN_64_TO_32_BIT_CONVERSION = YES;
				GCC_WARN_ABOUT_RETURN_TYPE = YES_ERROR;
				GCC_WARN_UNDECLARED_SELECTOR = YES;
				GCC_WARN_UNINITIALIZED_AUTOS = YES_AGGRESSIVE;
				GCC_WARN_UNUSED_FUNCTION = YES;
				GCC_WARN_UNUSED_VARIABLE = YES;
				IPHONEOS_DEPLOYMENT_TARGET = 12.1;
				MTL_ENABLE_DEBUG_INFO = NO;
				MTL_FAST_MATH = YES;
				SDKROOT = iphoneos;
				SWIFT_COMPILATION_MODE = wholemodule;
				SWIFT_OPTIMIZATION_LEVEL = "-O";
				VALIDATE_PRODUCT = YES;
			};
			name = Release;
		};
		239F754F22E0069400963929 /* Debug */ = {
			isa = XCBuildConfiguration;
			baseConfigurationReference = E36F49C14578E36C1EE3B168 /* Pods-GameOfThronesChatApp.debug.xcconfig */;
			buildSettings = {
				ASSETCATALOG_COMPILER_APPICON_NAME = AppIcon;
				CODE_SIGN_STYLE = Automatic;
				INFOPLIST_FILE = GameOfThronesChatApp/Info.plist;
				LD_RUNPATH_SEARCH_PATHS = (
					"$(inherited)",
					"@executable_path/Frameworks",
				);
				PRODUCT_BUNDLE_IDENTIFIER = com.ericblancas.GameOfThronesChatApp;
				PRODUCT_NAME = "$(TARGET_NAME)";
				SWIFT_VERSION = 4.2;
				TARGETED_DEVICE_FAMILY = "1,2";
			};
			name = Debug;
		};
		239F755022E0069400963929 /* Release */ = {
			isa = XCBuildConfiguration;
			baseConfigurationReference = 0586FCC7AF151B551B916443 /* Pods-GameOfThronesChatApp.release.xcconfig */;
			buildSettings = {
				ASSETCATALOG_COMPILER_APPICON_NAME = AppIcon;
				CODE_SIGN_STYLE = Automatic;
				INFOPLIST_FILE = GameOfThronesChatApp/Info.plist;
				LD_RUNPATH_SEARCH_PATHS = (
					"$(inherited)",
					"@executable_path/Frameworks",
				);
				PRODUCT_BUNDLE_IDENTIFIER = com.ericblancas.GameOfThronesChatApp;
				PRODUCT_NAME = "$(TARGET_NAME)";
				SWIFT_VERSION = 4.2;
				TARGETED_DEVICE_FAMILY = "1,2";
			};
			name = Release;
		};
/* End XCBuildConfiguration section */

/* Begin XCConfigurationList section */
		239F753722E0069200963929 /* Build configuration list for PBXProject "GameOfThronesChatApp" */ = {
			isa = XCConfigurationList;
			buildConfigurations = (
				239F754C22E0069400963929 /* Debug */,
				239F754D22E0069400963929 /* Release */,
			);
			defaultConfigurationIsVisible = 0;
			defaultConfigurationName = Release;
		};
		239F754E22E0069400963929 /* Build configuration list for PBXNativeTarget "GameOfThronesChatApp" */ = {
			isa = XCConfigurationList;
			buildConfigurations = (
				239F754F22E0069400963929 /* Debug */,
				239F755022E0069400963929 /* Release */,
			);
			defaultConfigurationIsVisible = 0;
			defaultConfigurationName = Release;
		};
/* End XCConfigurationList section */
	};
	rootObject = 239F753422E0069200963929 /* Project object */;
}
